// !$*UTF8*$!
{
	archiveVersion = 1;
	classes = {
	};
	objectVersion = 46;
	objects = {

/* Begin PBXBuildFile section */
		1DA40B6D1E49CB8500DC1347 /* AppDelegate.swift in Sources */ = {isa = PBXBuildFile; fileRef = 1DA40B6C1E49CB8500DC1347 /* AppDelegate.swift */; };
		1DA40B6F1E49CB8500DC1347 /* ViewController.swift in Sources */ = {isa = PBXBuildFile; fileRef = 1DA40B6E1E49CB8500DC1347 /* ViewController.swift */; };
		1DA40B721E49CB8500DC1347 /* Main.storyboard in Resources */ = {isa = PBXBuildFile; fileRef = 1DA40B701E49CB8500DC1347 /* Main.storyboard */; };
		1DA40B741E49CB8500DC1347 /* Assets.xcassets in Resources */ = {isa = PBXBuildFile; fileRef = 1DA40B731E49CB8500DC1347 /* Assets.xcassets */; };
		1DA40B771E49CB8500DC1347 /* LaunchScreen.storyboard in Resources */ = {isa = PBXBuildFile; fileRef = 1DA40B751E49CB8500DC1347 /* LaunchScreen.storyboard */; };
		1DA40B7F1E49CD7300DC1347 /* Task2TableViewCell.swift in Sources */ = {isa = PBXBuildFile; fileRef = 1DA40B7E1E49CD7300DC1347 /* Task2TableViewCell.swift */; };
/* End PBXBuildFile section */

/* Begin PBXFileReference section */
		1DA40B691E49CB8500DC1347 /* FirstTableView.app */ = {isa = PBXFileReference; explicitFileType = wrapper.application; includeInIndex = 0; path = FirstTableView.app; sourceTree = BUILT_PRODUCTS_DIR; };
		1DA40B6C1E49CB8500DC1347 /* AppDelegate.swift */ = {isa = PBXFileReference; lastKnownFileType = sourcecode.swift; path = AppDelegate.swift; sourceTree = "<group>"; };
		1DA40B6E1E49CB8500DC1347 /* ViewController.swift */ = {isa = PBXFileReference; lastKnownFileType = sourcecode.swift; path = ViewController.swift; sourceTree = "<group>"; };
		1DA40B711E49CB8500DC1347 /* Base */ = {isa = PBXFileReference; lastKnownFileType = file.storyboard; name = Base; path = Base.lproj/Main.storyboard; sourceTree = "<group>"; };
		1DA40B731E49CB8500DC1347 /* Assets.xcassets */ = {isa = PBXFileReference; lastKnownFileType = folder.assetcatalog; path = Assets.xcassets; sourceTree = "<group>"; };
		1DA40B761E49CB8500DC1347 /* Base */ = {isa = PBXFileReference; lastKnownFileType = file.storyboard; name = Base; path = Base.lproj/LaunchScreen.storyboard; sourceTree = "<group>"; };
		1DA40B781E49CB8500DC1347 /* Info.plist */ = {isa = PBXFileReference; lastKnownFileType = text.plist.xml; path = Info.plist; sourceTree = "<group>"; };
		1DA40B7E1E49CD7300DC1347 /* Task2TableViewCell.swift */ = {isa = PBXFileReference; fileEncoding = 4; lastKnownFileType = sourcecode.swift; path = Task2TableViewCell.swift; sourceTree = "<group>"; };
/* End PBXFileReference section */

/* Begin PBXFrameworksBuildPhase section */
		1DA40B661E49CB8400DC1347 /* Frameworks */ = {
			isa = PBXFrameworksBuildPhase;
			buildActionMask = 2147483647;
			files = (
			);
			runOnlyForDeploymentPostprocessing = 0;
		};
/* End PBXFrameworksBuildPhase section */

/* Begin PBXGroup section */
		1DA40B601E49CB8400DC1347 = {
			isa = PBXGroup;
			children = (
				1DA40B6B1E49CB8500DC1347 /* FirstTableView */,
				1DA40B6A1E49CB8500DC1347 /* Products */,
			);
			sourceTree = "<group>";
		};
		1DA40B6A1E49CB8500DC1347 /* Products */ = {
			isa = PBXGroup;
			children = (
				1DA40B691E49CB8500DC1347 /* FirstTableView.app */,
			);
			name = Products;
			sourceTree = "<group>";
		};
		1DA40B6B1E49CB8500DC1347 /* FirstTableView */ = {
			isa = PBXGroup;
			children = (
				1DA40B6C1E49CB8500DC1347 /* AppDelegate.swift */,
				1DA40B6E1E49CB8500DC1347 /* ViewController.swift */,
				1DA40B701E49CB8500DC1347 /* Main.storyboard */,
				1DA40B731E49CB8500DC1347 /* Assets.xcassets */,
				1DA40B751E49CB8500DC1347 /* LaunchScreen.storyboard */,
				1DA40B781E49CB8500DC1347 /* Info.plist */,
				1DA40B7E1E49CD7300DC1347 /* Task2TableViewCell.swift */,
			);
			path = FirstTableView;
			sourceTree = "<group>";
		};
/* End PBXGroup section */

/* Begin PBXNativeTarget section */
		1DA40B681E49CB8400DC1347 /* FirstTableView */ = {
			isa = PBXNativeTarget;
			buildConfigurationList = 1DA40B7B1E49CB8500DC1347 /* Build configuration list for PBXNativeTarget "FirstTableView" */;
			buildPhases = (
				1DA40B651E49CB8400DC1347 /* Sources */,
				1DA40B661E49CB8400DC1347 /* Frameworks */,
				1DA40B671E49CB8400DC1347 /* Resources */,
			);
			buildRules = (
			);
			dependencies = (
			);
			name = FirstTableView;
			productName = FirstTableView;
			productReference = 1DA40B691E49CB8500DC1347 /* FirstTableView.app */;
			productType = "com.apple.product-type.application";
		};
/* End PBXNativeTarget section */

/* Begin PBXProject section */
		1DA40B611E49CB8400DC1347 /* Project object */ = {
			isa = PBXProject;
			attributes = {
				LastSwiftUpdateCheck = 0820;
				LastUpgradeCheck = 0820;
				ORGANIZATIONNAME = "code-brew";
				TargetAttributes = {
					1DA40B681E49CB8400DC1347 = {
						CreatedOnToolsVersion = 8.2.1;
						ProvisioningStyle = Automatic;
					};
				};
			};
			buildConfigurationList = 1DA40B641E49CB8400DC1347 /* Build configuration list for PBXProject "FirstTableView" */;
			compatibilityVersion = "Xcode 3.2";
			developmentRegion = English;
			hasScannedForEncodings = 0;
			knownRegions = (
				en,
				Base,
			);
			mainGroup = 1DA40B601E49CB8400DC1347;
			productRefGroup = 1DA40B6A1E49CB8500DC1347 /* Products */;
			projectDirPath = "";
			projectRoot = "";
			targets = (
				1DA40B681E49CB8400DC1347 /* FirstTableView */,
			);
		};
/* End PBXProject section */

/* Begin PBXResourcesBuildPhase section */
		1DA40B671E49CB8400DC1347 /* Resources */ = {
			isa = PBXResourcesBuildPhase;
			buildActionMask = 2147483647;
			files = (
				1DA40B771E49CB8500DC1347 /* LaunchScreen.storyboard in Resources */,
				1DA40B741E49CB8500DC1347 /* Assets.xcassets in Resources */,
				1DA40B721E49CB8500DC1347 /* Main.storyboard in Resources */,
			);
			runOnlyForDeploymentPostprocessing = 0;
		};
/* End PBXResourcesBuildPhase section */

/* Begin PBXSourcesBuildPhase section */
		1DA40B651E49CB8400DC1347 /* Sources */ = {
			isa = PBXSourcesBuildPhase;
			buildActionMask = 2147483647;
			files = (
				1DA40B6F1E49CB8500DC1347 /* ViewController.swift in Sources */,
				1DA40B7F1E49CD7300DC1347 /* Task2TableViewCell.swift in Sources */,
				1DA40B6D1E49CB8500DC1347 /* AppDelegate.swift in Sources */,
			);
			runOnlyForDeploymentPostprocessing = 0;
		};
/* End PBXSourcesBuildPhase section */

/* Begin PBXVariantGroup section */
		1DA40B701E49CB8500DC1347 /* Main.storyboard */ = {
			isa = PBXVariantGroup;
			children = (
				1DA40B711E49CB8500DC1347 /* Base */,
			);
			name = Main.storyboard;
			sourceTree = "<group>";
		};
		1DA40B751E49CB8500DC1347 /* LaunchScreen.storyboard */ = {
			isa = PBXVariantGroup;
			children = (
				1DA40B761E49CB8500DC1347 /* Base */,
			);
			name = LaunchScreen.storyboard;
			sourceTree = "<group>";
		};
/* End PBXVariantGroup section */

/* Begin XCBuildConfiguration section */
		1DA40B791E49CB8500DC1347 /* Debug */ = {
			isa = XCBuildConfiguration;
			buildSettings = {
				ALWAYS_SEARCH_USER_PATHS = NO;
				CLANG_ANALYZER_NONNULL = YES;
				CLANG_CXX_LANGUAGE_STANDARD = "gnu++0x";
				CLANG_CXX_LIBRARY = "libc++";
				CLANG_ENABLE_MODULES = YES;
				CLANG_ENABLE_OBJC_ARC = YES;
				CLANG_WARN_BOOL_CONVERSION = YES;
				CLANG_WARN_CONSTANT_CONVERSION = YES;
				CLANG_WARN_DIRECT_OBJC_ISA_USAGE = YES_ERROR;
				CLANG_WARN_DOCUMENTATION_COMMENTS = YES;
				CLANG_WARN_EMPTY_BODY = YES;
				CLANG_WARN_ENUM_CONVERSION = YES;
				CLANG_WARN_INFINITE_RECURSION = YES;
				CLANG_WARN_INT_CONVERSION = YES;
				CLANG_WARN_OBJC_ROOT_CLASS = YES_ERROR;
				CLANG_WARN_SUSPICIOUS_MOVE = YES;
				CLANG_WARN_UNREACHABLE_CODE = YES;
				CLANG_WARN__DUPLICATE_METHOD_MATCH = YES;
				"CODE_SIGN_IDENTITY[sdk=iphoneos*]" = "iPhone Developer";
				COPY_PHASE_STRIP = NO;
				DEBUG_INFORMATION_FORMAT = dwarf;
				ENABLE_STRICT_OBJC_MSGSEND = YES;
				ENABLE_TESTABILITY = YES;
				GCC_C_LANGUAGE_STANDARD = gnu99;
				GCC_DYNAMIC_NO_PIC = NO;
				GCC_NO_COMMON_BLOCKS = YES;
				GCC_OPTIMIZATION_LEVEL = 0;
				GCC_PREPROCESSOR_DEFINITIONS = (
					"DEBUG=1",
					"$(inherited)",
				);
				GCC_WARN_64_TO_32_BIT_CONVERSION = YES;
				GCC_WARN_ABOUT_RETURN_TYPE = YES_ERROR;
				GCC_WARN_UNDECLARED_SELECTOR = YES;
				GCC_WARN_UNINITIALIZED_AUTOS = YES_AGGRESSIVE;
				GCC_WARN_UNUSED_FUNCTION = YES;
				GCC_WARN_UNUSED_VARIABLE = YES;
				IPHONEOS_DEPLOYMENT_TARGET = 10.2;
				MTL_ENABLE_DEBUG_INFO = YES;
				ONLY_ACTIVE_ARCH = YES;
				SDKROOT = iphoneos;
				SWIFT_ACTIVE_COMPILATION_CONDITIONS = DEBUG;
				SWIFT_OPTIMIZATION_LEVEL = "-Onone";
			};
			name = Debug;
		};
		1DA40B7A1E49CB8500DC1347 /* Release */ = {
			isa = XCBuildConfiguration;
			buildSettings = {
				ALWAYS_SEARCH_USER_PATHS = NO;
				CLANG_ANALYZER_NONNULL = YES;
				CLANG_CXX_LANGUAGE_STANDARD = "gnu++0x";
				CLANG_CXX_LIBRARY = "libc++";
				CLANG_ENABLE_MODULES = YES;
				CLANG_ENABLE_OBJC_ARC = YES;
				CLANG_WARN_BOOL_CONVERSION = YES;
				CLANG_WARN_CONSTANT_CONVERSION = YES;
				CLANG_WARN_DIRECT_OBJC_ISA_USAGE = YES_ERROR;
				CLANG_WARN_DOCUMENTATION_COMMENTS = YES;
				CLANG_WARN_EMPTY_BODY = YES;
				CLANG_WARN_ENUM_CONVERSION = YES;
				CLANG_WARN_INFINITE_RECURSION = YES;
				CLANG_WARN_INT_CONVERSION = YES;
				CLANG_WARN_OBJC_ROOT_CLASS = YES_ERROR;
				CLANG_WARN_SUSPICIOUS_MOVE = YES;
				CLANG_WARN_UNREACHABLE_CODE = YES;
				CLANG_WARN__DUPLICATE_METHOD_MATCH = YES;
				"CODE_SIGN_IDENTITY[sdk=iphoneos*]" = "iPhone Developer";
				COPY_PHASE_STRIP = NO;
				DEBUG_INFORMATION_FORMAT = "dwarf-with-dsym";
				ENABLE_NS_ASSERTIONS = NO;
				ENABLE_STRICT_OBJC_MSGSEND = YES;
				GCC_C_LANGUAGE_STANDARD = gnu99;
				GCC_NO_COMMON_BLOCKS = YES;
				GCC_WARN_64_TO_32_BIT_CONVERSION = YES;
				GCC_WARN_ABOUT_RETURN_TYPE = YES_ERROR;
				GCC_WARN_UNDECLARED_SELECTOR = YES;
				GCC_WARN_UNINITIALIZED_AUTOS = YES_AGGRESSIVE;
				GCC_WARN_UNUSED_FUNCTION = YES;
				GCC_WARN_UNUSED_VARIABLE = YES;
				IPHONEOS_DEPLOYMENT_TARGET = 10.2;
				MTL_ENABLE_DEBUG_INFO = NO;
				SDKROOT = iphoneos;
				SWIFT_OPTIMIZATION_LEVEL = "-Owholemodule";
				VALIDATE_PRODUCT = YES;
			};
			name = Release;
		};
		1DA40B7C1E49CB8500DC1347 /* Debug */ = {
			isa = XCBuildConfiguration;
			buildSettings = {
				ASSETCATALOG_COMPILER_APPICON_NAME = AppIcon;
				INFOPLIST_FILE = FirstTableView/Info.plist;
				LD_RUNPATH_SEARCH_PATHS = "$(inherited) @executable_path/Frameworks";
				PRODUCT_BUNDLE_IDENTIFIER = "code-brew.FirstTableView";
				PRODUCT_NAME = "$(TARGET_NAME)";
				SWIFT_VERSION = 3.0;
			};
			name = Debug;
		};
		1DA40B7D1E49CB8500DC1347 /* Release */ = {
			isa = XCBuildConfiguration;
			buildSettings = {
				ASSETCATALOG_COMPILER_APPICON_NAME = AppIcon;
				INFOPLIST_FILE = FirstTableView/Info.plist;
				LD_RUNPATH_SEARCH_PATHS = "$(inherited) @executable_path/Frameworks";
				PRODUCT_BUNDLE_IDENTIFIER = "code-brew.FirstTableView";
				PRODUCT_NAME = "$(TARGET_NAME)";
				SWIFT_VERSION = 3.0;
			};
			name = Release;
		};
/* End XCBuildConfiguration section */

/* Begin XCConfigurationList section */
		1DA40B641E49CB8400DC1347 /* Build configuration list for PBXProject "FirstTableView" */ = {
			isa = XCConfigurationList;
			buildConfigurations = (
				1DA40B791E49CB8500DC1347 /* Debug */,
				1DA40B7A1E49CB8500DC1347 /* Release */,
			);
			defaultConfigurationIsVisible = 0;
			defaultConfigurationName = Release;
		};
		1DA40B7B1E49CB8500DC1347 /* Build configuration list for PBXNativeTarget "FirstTableView" */ = {
			isa = XCConfigurationList;
			buildConfigurations = (
				1DA40B7C1E49CB8500DC1347 /* Debug */,
				1DA40B7D1E49CB8500DC1347 /* Release */,
			);
			defaultConfigurationIsVisible = 0;
		};
/* End XCConfigurationList section */
	};
	rootObject = 1DA40B611E49CB8400DC1347 /* Project object */;
}
