// !$*UTF8*$!
{
	archiveVersion = 1;
	classes = {
	};
	objectVersion = 46;
	objects = {

/* Begin PBXBuildFile section */
		1D27A8C11E51B5C00082626E /* AppDelegate.swift in Sources */ = {isa = PBXBuildFile; fileRef = 1D27A8C01E51B5C00082626E /* AppDelegate.swift */; };
		1D27A8C31E51B5C00082626E /* ViewController.swift in Sources */ = {isa = PBXBuildFile; fileRef = 1D27A8C21E51B5C00082626E /* ViewController.swift */; };
		1D27A8C61E51B5C00082626E /* Main.storyboard in Resources */ = {isa = PBXBuildFile; fileRef = 1D27A8C41E51B5C00082626E /* Main.storyboard */; };
		1D27A8C91E51B5C00082626E /* MapTimeLine.xcdatamodeld in Sources */ = {isa = PBXBuildFile; fileRef = 1D27A8C71E51B5C00082626E /* MapTimeLine.xcdatamodeld */; };
		1D27A8CB1E51B5C00082626E /* Assets.xcassets in Resources */ = {isa = PBXBuildFile; fileRef = 1D27A8CA1E51B5C00082626E /* Assets.xcassets */; };
		1D27A8CE1E51B5C00082626E /* LaunchScreen.storyboard in Resources */ = {isa = PBXBuildFile; fileRef = 1D27A8CC1E51B5C00082626E /* LaunchScreen.storyboard */; };
		A5572B4BA58030E86F920D45 /* Pods_MapTimeLine.framework in Frameworks */ = {isa = PBXBuildFile; fileRef = D031DFD564F888C54575D9D2 /* Pods_MapTimeLine.framework */; };
/* End PBXBuildFile section */

/* Begin PBXFileReference section */
		1D27A8BD1E51B5C00082626E /* MapTimeLine.app */ = {isa = PBXFileReference; explicitFileType = wrapper.application; includeInIndex = 0; path = MapTimeLine.app; sourceTree = BUILT_PRODUCTS_DIR; };
		1D27A8C01E51B5C00082626E /* AppDelegate.swift */ = {isa = PBXFileReference; lastKnownFileType = sourcecode.swift; path = AppDelegate.swift; sourceTree = "<group>"; };
		1D27A8C21E51B5C00082626E /* ViewController.swift */ = {isa = PBXFileReference; lastKnownFileType = sourcecode.swift; path = ViewController.swift; sourceTree = "<group>"; };
		1D27A8C51E51B5C00082626E /* Base */ = {isa = PBXFileReference; lastKnownFileType = file.storyboard; name = Base; path = Base.lproj/Main.storyboard; sourceTree = "<group>"; };
		1D27A8C81E51B5C00082626E /* MapTimeLine.xcdatamodel */ = {isa = PBXFileReference; lastKnownFileType = wrapper.xcdatamodel; path = MapTimeLine.xcdatamodel; sourceTree = "<group>"; };
		1D27A8CA1E51B5C00082626E /* Assets.xcassets */ = {isa = PBXFileReference; lastKnownFileType = folder.assetcatalog; path = Assets.xcassets; sourceTree = "<group>"; };
		1D27A8CD1E51B5C00082626E /* Base */ = {isa = PBXFileReference; lastKnownFileType = file.storyboard; name = Base; path = Base.lproj/LaunchScreen.storyboard; sourceTree = "<group>"; };
		1D27A8CF1E51B5C00082626E /* Info.plist */ = {isa = PBXFileReference; lastKnownFileType = text.plist.xml; path = Info.plist; sourceTree = "<group>"; };
		796B89328A6AD70FFD12DAFF /* Pods-MapTimeLine.release.xcconfig */ = {isa = PBXFileReference; includeInIndex = 1; lastKnownFileType = text.xcconfig; name = "Pods-MapTimeLine.release.xcconfig"; path = "Pods/Target Support Files/Pods-MapTimeLine/Pods-MapTimeLine.release.xcconfig"; sourceTree = "<group>"; };
		D031DFD564F888C54575D9D2 /* Pods_MapTimeLine.framework */ = {isa = PBXFileReference; explicitFileType = wrapper.framework; includeInIndex = 0; path = Pods_MapTimeLine.framework; sourceTree = BUILT_PRODUCTS_DIR; };
		ED380079577B61CD1E8718DE /* Pods-MapTimeLine.debug.xcconfig */ = {isa = PBXFileReference; includeInIndex = 1; lastKnownFileType = text.xcconfig; name = "Pods-MapTimeLine.debug.xcconfig"; path = "Pods/Target Support Files/Pods-MapTimeLine/Pods-MapTimeLine.debug.xcconfig"; sourceTree = "<group>"; };
/* End PBXFileReference section */

/* Begin PBXFrameworksBuildPhase section */
		1D27A8BA1E51B5C00082626E /* Frameworks */ = {
			isa = PBXFrameworksBuildPhase;
			buildActionMask = 2147483647;
			files = (
				A5572B4BA58030E86F920D45 /* Pods_MapTimeLine.framework in Frameworks */,
			);
			runOnlyForDeploymentPostprocessing = 0;
		};
/* End PBXFrameworksBuildPhase section */

/* Begin PBXGroup section */
		1D27A8B41E51B5C00082626E = {
			isa = PBXGroup;
			children = (
				1D27A8BF1E51B5C00082626E /* MapTimeLine */,
				1D27A8BE1E51B5C00082626E /* Products */,
				C4BCF3BF0405AA498DB88FAC /* Pods */,
				BAE5DD7B18782AB599B7E5CC /* Frameworks */,
			);
			sourceTree = "<group>";
		};
		1D27A8BE1E51B5C00082626E /* Products */ = {
			isa = PBXGroup;
			children = (
				1D27A8BD1E51B5C00082626E /* MapTimeLine.app */,
			);
			name = Products;
			sourceTree = "<group>";
		};
		1D27A8BF1E51B5C00082626E /* MapTimeLine */ = {
			isa = PBXGroup;
			children = (
				1D27A8C01E51B5C00082626E /* AppDelegate.swift */,
				1D27A8C21E51B5C00082626E /* ViewController.swift */,
				1D27A8C41E51B5C00082626E /* Main.storyboard */,
				1D27A8CA1E51B5C00082626E /* Assets.xcassets */,
				1D27A8CC1E51B5C00082626E /* LaunchScreen.storyboard */,
				1D27A8CF1E51B5C00082626E /* Info.plist */,
				1D27A8C71E51B5C00082626E /* MapTimeLine.xcdatamodeld */,
			);
			path = MapTimeLine;
			sourceTree = "<group>";
		};
		BAE5DD7B18782AB599B7E5CC /* Frameworks */ = {
			isa = PBXGroup;
			children = (
				D031DFD564F888C54575D9D2 /* Pods_MapTimeLine.framework */,
			);
			name = Frameworks;
			sourceTree = "<group>";
		};
		C4BCF3BF0405AA498DB88FAC /* Pods */ = {
			isa = PBXGroup;
			children = (
				ED380079577B61CD1E8718DE /* Pods-MapTimeLine.debug.xcconfig */,
				796B89328A6AD70FFD12DAFF /* Pods-MapTimeLine.release.xcconfig */,
			);
			name = Pods;
			sourceTree = "<group>";
		};
/* End PBXGroup section */

/* Begin PBXNativeTarget section */
		1D27A8BC1E51B5C00082626E /* MapTimeLine */ = {
			isa = PBXNativeTarget;
			buildConfigurationList = 1D27A8D21E51B5C00082626E /* Build configuration list for PBXNativeTarget "MapTimeLine" */;
			buildPhases = (
				6D3C4BA06FBB53F1C72025EA /* [CP] Check Pods Manifest.lock */,
				1D27A8B91E51B5C00082626E /* Sources */,
				1D27A8BA1E51B5C00082626E /* Frameworks */,
				1D27A8BB1E51B5C00082626E /* Resources */,
				3070516EBC8E952A97417774 /* [CP] Embed Pods Frameworks */,
				27FFC69A2E60DA4477316F65 /* [CP] Copy Pods Resources */,
			);
			buildRules = (
			);
			dependencies = (
			);
			name = MapTimeLine;
			productName = MapTimeLine;
			productReference = 1D27A8BD1E51B5C00082626E /* MapTimeLine.app */;
			productType = "com.apple.product-type.application";
		};
/* End PBXNativeTarget section */

/* Begin PBXProject section */
		1D27A8B51E51B5C00082626E /* Project object */ = {
			isa = PBXProject;
			attributes = {
				LastSwiftUpdateCheck = 0820;
				LastUpgradeCheck = 0820;
				ORGANIZATIONNAME = "code-brew";
				TargetAttributes = {
					1D27A8BC1E51B5C00082626E = {
						CreatedOnToolsVersion = 8.2.1;
						ProvisioningStyle = Automatic;
					};
				};
			};
			buildConfigurationList = 1D27A8B81E51B5C00082626E /* Build configuration list for PBXProject "MapTimeLine" */;
			compatibilityVersion = "Xcode 3.2";
			developmentRegion = English;
			hasScannedForEncodings = 0;
			knownRegions = (
				en,
				Base,
			);
			mainGroup = 1D27A8B41E51B5C00082626E;
			productRefGroup = 1D27A8BE1E51B5C00082626E /* Products */;
			projectDirPath = "";
			projectRoot = "";
			targets = (
				1D27A8BC1E51B5C00082626E /* MapTimeLine */,
			);
		};
/* End PBXProject section */

/* Begin PBXResourcesBuildPhase section */
		1D27A8BB1E51B5C00082626E /* Resources */ = {
			isa = PBXResourcesBuildPhase;
			buildActionMask = 2147483647;
			files = (
				1D27A8CE1E51B5C00082626E /* LaunchScreen.storyboard in Resources */,
				1D27A8CB1E51B5C00082626E /* Assets.xcassets in Resources */,
				1D27A8C61E51B5C00082626E /* Main.storyboard in Resources */,
			);
			runOnlyForDeploymentPostprocessing = 0;
		};
/* End PBXResourcesBuildPhase section */

/* Begin PBXShellScriptBuildPhase section */
		27FFC69A2E60DA4477316F65 /* [CP] Copy Pods Resources */ = {
			isa = PBXShellScriptBuildPhase;
			buildActionMask = 2147483647;
			files = (
			);
			inputPaths = (
			);
			name = "[CP] Copy Pods Resources";
			outputPaths = (
			);
			runOnlyForDeploymentPostprocessing = 0;
			shellPath = /bin/sh;
			shellScript = "\"${SRCROOT}/Pods/Target Support Files/Pods-MapTimeLine/Pods-MapTimeLine-resources.sh\"\n";
			showEnvVarsInLog = 0;
		};
		3070516EBC8E952A97417774 /* [CP] Embed Pods Frameworks */ = {
			isa = PBXShellScriptBuildPhase;
			buildActionMask = 2147483647;
			files = (
			);
			inputPaths = (
			);
			name = "[CP] Embed Pods Frameworks";
			outputPaths = (
			);
			runOnlyForDeploymentPostprocessing = 0;
			shellPath = /bin/sh;
			shellScript = "\"${SRCROOT}/Pods/Target Support Files/Pods-MapTimeLine/Pods-MapTimeLine-frameworks.sh\"\n";
			showEnvVarsInLog = 0;
		};
		6D3C4BA06FBB53F1C72025EA /* [CP] Check Pods Manifest.lock */ = {
			isa = PBXShellScriptBuildPhase;
			buildActionMask = 2147483647;
			files = (
			);
			inputPaths = (
			);
			name = "[CP] Check Pods Manifest.lock";
			outputPaths = (
			);
			runOnlyForDeploymentPostprocessing = 0;
			shellPath = /bin/sh;
			shellScript = "diff \"${PODS_ROOT}/../Podfile.lock\" \"${PODS_ROOT}/Manifest.lock\" > /dev/null\nif [ $? != 0 ] ; then\n    # print error to STDERR\n    echo \"error: The sandbox is not in sync with the Podfile.lock. Run 'pod install' or update your CocoaPods installation.\" >&2\n    exit 1\nfi\n";
			showEnvVarsInLog = 0;
		};
/* End PBXShellScriptBuildPhase section */

/* Begin PBXSourcesBuildPhase section */
		1D27A8B91E51B5C00082626E /* Sources */ = {
			isa = PBXSourcesBuildPhase;
			buildActionMask = 2147483647;
			files = (
				1D27A8C31E51B5C00082626E /* ViewController.swift in Sources */,
				1D27A8C91E51B5C00082626E /* MapTimeLine.xcdatamodeld in Sources */,
				1D27A8C11E51B5C00082626E /* AppDelegate.swift in Sources */,
			);
			runOnlyForDeploymentPostprocessing = 0;
		};
/* End PBXSourcesBuildPhase section */

/* Begin PBXVariantGroup section */
		1D27A8C41E51B5C00082626E /* Main.storyboard */ = {
			isa = PBXVariantGroup;
			children = (
				1D27A8C51E51B5C00082626E /* Base */,
			);
			name = Main.storyboard;
			sourceTree = "<group>";
		};
		1D27A8CC1E51B5C00082626E /* LaunchScreen.storyboard */ = {
			isa = PBXVariantGroup;
			children = (
				1D27A8CD1E51B5C00082626E /* Base */,
			);
			name = LaunchScreen.storyboard;
			sourceTree = "<group>";
		};
/* End PBXVariantGroup section */

/* Begin XCBuildConfiguration section */
		1D27A8D01E51B5C00082626E /* Debug */ = {
			isa = XCBuildConfiguration;
			buildSettings = {
				ALWAYS_SEARCH_USER_PATHS = NO;
				CLANG_ANALYZER_NONNULL = YES;
				CLANG_CXX_LANGUAGE_STANDARD = "gnu++0x";
				CLANG_CXX_LIBRARY = "libc++";
				CLANG_ENABLE_MODULES = YES;
				CLANG_ENABLE_OBJC_ARC = YES;
				CLANG_WARN_BOOL_CONVERSION = YES;
				CLANG_WARN_CONSTANT_CONVERSION = YES;
				CLANG_WARN_DIRECT_OBJC_ISA_USAGE = YES_ERROR;
				CLANG_WARN_DOCUMENTATION_COMMENTS = YES;
				CLANG_WARN_EMPTY_BODY = YES;
				CLANG_WARN_ENUM_CONVERSION = YES;
				CLANG_WARN_INFINITE_RECURSION = YES;
				CLANG_WARN_INT_CONVERSION = YES;
				CLANG_WARN_OBJC_ROOT_CLASS = YES_ERROR;
				CLANG_WARN_SUSPICIOUS_MOVE = YES;
				CLANG_WARN_UNREACHABLE_CODE = YES;
				CLANG_WARN__DUPLICATE_METHOD_MATCH = YES;
				"CODE_SIGN_IDENTITY[sdk=iphoneos*]" = "iPhone Developer";
				COPY_PHASE_STRIP = NO;
				DEBUG_INFORMATION_FORMAT = dwarf;
				ENABLE_STRICT_OBJC_MSGSEND = YES;
				ENABLE_TESTABILITY = YES;
				GCC_C_LANGUAGE_STANDARD = gnu99;
				GCC_DYNAMIC_NO_PIC = NO;
				GCC_NO_COMMON_BLOCKS = YES;
				GCC_OPTIMIZATION_LEVEL = 0;
				GCC_PREPROCESSOR_DEFINITIONS = (
					"DEBUG=1",
					"$(inherited)",
				);
				GCC_WARN_64_TO_32_BIT_CONVERSION = YES;
				GCC_WARN_ABOUT_RETURN_TYPE = YES_ERROR;
				GCC_WARN_UNDECLARED_SELECTOR = YES;
				GCC_WARN_UNINITIALIZED_AUTOS = YES_AGGRESSIVE;
				GCC_WARN_UNUSED_FUNCTION = YES;
				GCC_WARN_UNUSED_VARIABLE = YES;
				IPHONEOS_DEPLOYMENT_TARGET = 10.2;
				MTL_ENABLE_DEBUG_INFO = YES;
				ONLY_ACTIVE_ARCH = YES;
				SDKROOT = iphoneos;
				SWIFT_ACTIVE_COMPILATION_CONDITIONS = DEBUG;
				SWIFT_OPTIMIZATION_LEVEL = "-Onone";
			};
			name = Debug;
		};
		1D27A8D11E51B5C00082626E /* Release */ = {
			isa = XCBuildConfiguration;
			buildSettings = {
				ALWAYS_SEARCH_USER_PATHS = NO;
				CLANG_ANALYZER_NONNULL = YES;
				CLANG_CXX_LANGUAGE_STANDARD = "gnu++0x";
				CLANG_CXX_LIBRARY = "libc++";
				CLANG_ENABLE_MODULES = YES;
				CLANG_ENABLE_OBJC_ARC = YES;
				CLANG_WARN_BOOL_CONVERSION = YES;
				CLANG_WARN_CONSTANT_CONVERSION = YES;
				CLANG_WARN_DIRECT_OBJC_ISA_USAGE = YES_ERROR;
				CLANG_WARN_DOCUMENTATION_COMMENTS = YES;
				CLANG_WARN_EMPTY_BODY = YES;
				CLANG_WARN_ENUM_CONVERSION = YES;
				CLANG_WARN_INFINITE_RECURSION = YES;
				CLANG_WARN_INT_CONVERSION = YES;
				CLANG_WARN_OBJC_ROOT_CLASS = YES_ERROR;
				CLANG_WARN_SUSPICIOUS_MOVE = YES;
				CLANG_WARN_UNREACHABLE_CODE = YES;
				CLANG_WARN__DUPLICATE_METHOD_MATCH = YES;
				"CODE_SIGN_IDENTITY[sdk=iphoneos*]" = "iPhone Developer";
				COPY_PHASE_STRIP = NO;
				DEBUG_INFORMATION_FORMAT = "dwarf-with-dsym";
				ENABLE_NS_ASSERTIONS = NO;
				ENABLE_STRICT_OBJC_MSGSEND = YES;
				GCC_C_LANGUAGE_STANDARD = gnu99;
				GCC_NO_COMMON_BLOCKS = YES;
				GCC_WARN_64_TO_32_BIT_CONVERSION = YES;
				GCC_WARN_ABOUT_RETURN_TYPE = YES_ERROR;
				GCC_WARN_UNDECLARED_SELECTOR = YES;
				GCC_WARN_UNINITIALIZED_AUTOS = YES_AGGRESSIVE;
				GCC_WARN_UNUSED_FUNCTION = YES;
				GCC_WARN_UNUSED_VARIABLE = YES;
				IPHONEOS_DEPLOYMENT_TARGET = 10.2;
				MTL_ENABLE_DEBUG_INFO = NO;
				SDKROOT = iphoneos;
				SWIFT_OPTIMIZATION_LEVEL = "-Owholemodule";
				VALIDATE_PRODUCT = YES;
			};
			name = Release;
		};
		1D27A8D31E51B5C00082626E /* Debug */ = {
			isa = XCBuildConfiguration;
			baseConfigurationReference = ED380079577B61CD1E8718DE /* Pods-MapTimeLine.debug.xcconfig */;
			buildSettings = {
				ASSETCATALOG_COMPILER_APPICON_NAME = AppIcon;
				INFOPLIST_FILE = MapTimeLine/Info.plist;
				LD_RUNPATH_SEARCH_PATHS = "$(inherited) @executable_path/Frameworks";
				PRODUCT_BUNDLE_IDENTIFIER = "code-brew.MapTimeLine";
				PRODUCT_NAME = "$(TARGET_NAME)";
				SWIFT_VERSION = 3.0;
			};
			name = Debug;
		};
		1D27A8D41E51B5C00082626E /* Release */ = {
			isa = XCBuildConfiguration;
			baseConfigurationReference = 796B89328A6AD70FFD12DAFF /* Pods-MapTimeLine.release.xcconfig */;
			buildSettings = {
				ASSETCATALOG_COMPILER_APPICON_NAME = AppIcon;
				INFOPLIST_FILE = MapTimeLine/Info.plist;
				LD_RUNPATH_SEARCH_PATHS = "$(inherited) @executable_path/Frameworks";
				PRODUCT_BUNDLE_IDENTIFIER = "code-brew.MapTimeLine";
				PRODUCT_NAME = "$(TARGET_NAME)";
				SWIFT_VERSION = 3.0;
			};
			name = Release;
		};
/* End XCBuildConfiguration section */

/* Begin XCConfigurationList section */
		1D27A8B81E51B5C00082626E /* Build configuration list for PBXProject "MapTimeLine" */ = {
			isa = XCConfigurationList;
			buildConfigurations = (
				1D27A8D01E51B5C00082626E /* Debug */,
				1D27A8D11E51B5C00082626E /* Release */,
			);
			defaultConfigurationIsVisible = 0;
			defaultConfigurationName = Release;
		};
		1D27A8D21E51B5C00082626E /* Build configuration list for PBXNativeTarget "MapTimeLine" */ = {
			isa = XCConfigurationList;
			buildConfigurations = (
				1D27A8D31E51B5C00082626E /* Debug */,
				1D27A8D41E51B5C00082626E /* Release */,
			);
			defaultConfigurationIsVisible = 0;
			defaultConfigurationName = Release;
		};
/* End XCConfigurationList section */

/* Begin XCVersionGroup section */
		1D27A8C71E51B5C00082626E /* MapTimeLine.xcdatamodeld */ = {
			isa = XCVersionGroup;
			children = (
				1D27A8C81E51B5C00082626E /* MapTimeLine.xcdatamodel */,
			);
			currentVersion = 1D27A8C81E51B5C00082626E /* MapTimeLine.xcdatamodel */;
			path = MapTimeLine.xcdatamodeld;
			sourceTree = "<group>";
			versionGroupType = wrapper.xcdatamodel;
		};
/* End XCVersionGroup section */
	};
	rootObject = 1D27A8B51E51B5C00082626E /* Project object */;
}
