PODS:
  - CSPieChart (0.4.1)
  - GoogleMaps (2.1.1):
    - GoogleMaps/Maps (= 2.1.1)
  - GoogleMaps/Base (2.1.1)
  - GoogleMaps/Maps (2.1.1):
    - GoogleMaps/Base
  - GooglePlaces (2.1.1):
    - GoogleMaps/Base (= 2.1.1)

DEPENDENCIES:
  - CSPieChart
  - GoogleMaps
  - GooglePlaces

SPEC CHECKSUMS:
  CSPieChart: f8be94d0719595d2c1768944c4e7703894a57c9b
  GoogleMaps: a5b5bbe47734e2443bde781a6aa64e69fdb6d785
  GooglePlaces: 35636d86e5020cba3856eb988c09a5491de0a65a

PODFILE CHECKSUM: b3e63e850cabcf3c58f7f3467f4719396adc3d37

COCOAPODS: 1.2.0
