// !$*UTF8*$!
{
	archiveVersion = 1;
	classes = {
	};
	objectVersion = 46;
	objects = {

/* Begin PBXBuildFile section */
		4ED977651E4886A800777E24 /* AppDelegate.swift in Sources */ = {isa = PBXBuildFile; fileRef = 4ED977641E4886A800777E24 /* AppDelegate.swift */; };
		4ED977671E4886A800777E24 /* ViewController.swift in Sources */ = {isa = PBXBuildFile; fileRef = 4ED977661E4886A800777E24 /* ViewController.swift */; };
		4ED9776D1E4886A800777E24 /* TableViewSample.xcdatamodeld in Sources */ = {isa = PBXBuildFile; fileRef = 4ED9776B1E4886A800777E24 /* TableViewSample.xcdatamodeld */; };
		4ED9776F1E4886A800777E24 /* Assets.xcassets in Resources */ = {isa = PBXBuildFile; fileRef = 4ED9776E1E4886A800777E24 /* Assets.xcassets */; };
		4ED977721E4886A800777E24 /* LaunchScreen.storyboard in Resources */ = {isa = PBXBuildFile; fileRef = 4ED977701E4886A800777E24 /* LaunchScreen.storyboard */; };
		4ED9777A1E4886DE00777E24 /* TableViewCell.swift in Sources */ = {isa = PBXBuildFile; fileRef = 4ED977791E4886DE00777E24 /* TableViewCell.swift */; };
		4ED9777C1E48887600777E24 /* Students.swift in Sources */ = {isa = PBXBuildFile; fileRef = 4ED9777B1E48887600777E24 /* Students.swift */; };
		4ED9777E1E488E5700777E24 /* AutolayoutViewController.swift in Sources */ = {isa = PBXBuildFile; fileRef = 4ED9777D1E488E5700777E24 /* AutolayoutViewController.swift */; };
		4ED9778B1E4893D900777E24 /* Main.storyboard in Resources */ = {isa = PBXBuildFile; fileRef = 4ED977891E4893D900777E24 /* Main.storyboard */; };
		A2A614BE94FE13EDD1E297A8 /* Pods_TableViewSample.framework in Frameworks */ = {isa = PBXBuildFile; fileRef = BB9293622A1E281B11C85E2F /* Pods_TableViewSample.framework */; };
		D12763901E4D92DC00496D14 /* StackViewController.swift in Sources */ = {isa = PBXBuildFile; fileRef = D127638F1E4D92DC00496D14 /* StackViewController.swift */; };
/* End PBXBuildFile section */

/* Begin PBXFileReference section */
		4ED977611E4886A800777E24 /* TableViewSample.app */ = {isa = PBXFileReference; explicitFileType = wrapper.application; includeInIndex = 0; path = TableViewSample.app; sourceTree = BUILT_PRODUCTS_DIR; };
		4ED977641E4886A800777E24 /* AppDelegate.swift */ = {isa = PBXFileReference; lastKnownFileType = sourcecode.swift; path = AppDelegate.swift; sourceTree = "<group>"; };
		4ED977661E4886A800777E24 /* ViewController.swift */ = {isa = PBXFileReference; lastKnownFileType = sourcecode.swift; path = ViewController.swift; sourceTree = "<group>"; };
		4ED9776C1E4886A800777E24 /* TableViewSample.xcdatamodel */ = {isa = PBXFileReference; lastKnownFileType = wrapper.xcdatamodel; path = TableViewSample.xcdatamodel; sourceTree = "<group>"; };
		4ED9776E1E4886A800777E24 /* Assets.xcassets */ = {isa = PBXFileReference; lastKnownFileType = folder.assetcatalog; path = Assets.xcassets; sourceTree = "<group>"; };
		4ED977711E4886A800777E24 /* Base */ = {isa = PBXFileReference; lastKnownFileType = file.storyboard; name = Base; path = Base.lproj/LaunchScreen.storyboard; sourceTree = "<group>"; };
		4ED977731E4886A800777E24 /* Info.plist */ = {isa = PBXFileReference; lastKnownFileType = text.plist.xml; path = Info.plist; sourceTree = "<group>"; };
		4ED977791E4886DE00777E24 /* TableViewCell.swift */ = {isa = PBXFileReference; fileEncoding = 4; lastKnownFileType = sourcecode.swift; path = TableViewCell.swift; sourceTree = "<group>"; };
		4ED9777B1E48887600777E24 /* Students.swift */ = {isa = PBXFileReference; fileEncoding = 4; lastKnownFileType = sourcecode.swift; path = Students.swift; sourceTree = "<group>"; };
		4ED9777D1E488E5700777E24 /* AutolayoutViewController.swift */ = {isa = PBXFileReference; fileEncoding = 4; lastKnownFileType = sourcecode.swift; path = AutolayoutViewController.swift; sourceTree = "<group>"; };
		4ED9778A1E4893D900777E24 /* Base */ = {isa = PBXFileReference; lastKnownFileType = file.storyboard; name = Base; path = Base.lproj/Main.storyboard; sourceTree = "<group>"; };
		62CD288E353AEB076DD60C58 /* Pods-TableViewSample.release.xcconfig */ = {isa = PBXFileReference; includeInIndex = 1; lastKnownFileType = text.xcconfig; name = "Pods-TableViewSample.release.xcconfig"; path = "Pods/Target Support Files/Pods-TableViewSample/Pods-TableViewSample.release.xcconfig"; sourceTree = "<group>"; };
		BB9293622A1E281B11C85E2F /* Pods_TableViewSample.framework */ = {isa = PBXFileReference; explicitFileType = wrapper.framework; includeInIndex = 0; path = Pods_TableViewSample.framework; sourceTree = BUILT_PRODUCTS_DIR; };
		C9EF2687D18951EFAA8A2B20 /* Pods-TableViewSample.debug.xcconfig */ = {isa = PBXFileReference; includeInIndex = 1; lastKnownFileType = text.xcconfig; name = "Pods-TableViewSample.debug.xcconfig"; path = "Pods/Target Support Files/Pods-TableViewSample/Pods-TableViewSample.debug.xcconfig"; sourceTree = "<group>"; };
		D127638F1E4D92DC00496D14 /* StackViewController.swift */ = {isa = PBXFileReference; fileEncoding = 4; lastKnownFileType = sourcecode.swift; path = StackViewController.swift; sourceTree = "<group>"; };
/* End PBXFileReference section */

/* Begin PBXFrameworksBuildPhase section */
		4ED9775E1E4886A800777E24 /* Frameworks */ = {
			isa = PBXFrameworksBuildPhase;
			buildActionMask = 2147483647;
			files = (
				A2A614BE94FE13EDD1E297A8 /* Pods_TableViewSample.framework in Frameworks */,
			);
			runOnlyForDeploymentPostprocessing = 0;
		};
/* End PBXFrameworksBuildPhase section */

/* Begin PBXGroup section */
		059B339AC9A00D0A1780C6B0 /* Frameworks */ = {
			isa = PBXGroup;
			children = (
				BB9293622A1E281B11C85E2F /* Pods_TableViewSample.framework */,
			);
			name = Frameworks;
			sourceTree = "<group>";
		};
		4ED977581E4886A800777E24 = {
			isa = PBXGroup;
			children = (
				4ED977631E4886A800777E24 /* TableViewSample */,
				4ED977621E4886A800777E24 /* Products */,
				5E86ABBA8C834951E94F41EA /* Pods */,
				059B339AC9A00D0A1780C6B0 /* Frameworks */,
			);
			sourceTree = "<group>";
		};
		4ED977621E4886A800777E24 /* Products */ = {
			isa = PBXGroup;
			children = (
				4ED977611E4886A800777E24 /* TableViewSample.app */,
			);
			name = Products;
			sourceTree = "<group>";
		};
		4ED977631E4886A800777E24 /* TableViewSample */ = {
			isa = PBXGroup;
			children = (
				4ED977891E4893D900777E24 /* Main.storyboard */,
				4ED977641E4886A800777E24 /* AppDelegate.swift */,
				4ED9777B1E48887600777E24 /* Students.swift */,
				4ED977661E4886A800777E24 /* ViewController.swift */,
				4ED9777D1E488E5700777E24 /* AutolayoutViewController.swift */,
				4ED977791E4886DE00777E24 /* TableViewCell.swift */,
				4ED9776E1E4886A800777E24 /* Assets.xcassets */,
				4ED977701E4886A800777E24 /* LaunchScreen.storyboard */,
				4ED977731E4886A800777E24 /* Info.plist */,
				4ED9776B1E4886A800777E24 /* TableViewSample.xcdatamodeld */,
				D127638F1E4D92DC00496D14 /* StackViewController.swift */,
			);
			path = TableViewSample;
			sourceTree = "<group>";
		};
		5E86ABBA8C834951E94F41EA /* Pods */ = {
			isa = PBXGroup;
			children = (
				C9EF2687D18951EFAA8A2B20 /* Pods-TableViewSample.debug.xcconfig */,
				62CD288E353AEB076DD60C58 /* Pods-TableViewSample.release.xcconfig */,
			);
			name = Pods;
			sourceTree = "<group>";
		};
/* End PBXGroup section */

/* Begin PBXNativeTarget section */
		4ED977601E4886A800777E24 /* TableViewSample */ = {
			isa = PBXNativeTarget;
			buildConfigurationList = 4ED977761E4886A800777E24 /* Build configuration list for PBXNativeTarget "TableViewSample" */;
			buildPhases = (
				164493578CB7B863CAC0E755 /* [CP] Check Pods Manifest.lock */,
				4ED9775D1E4886A800777E24 /* Sources */,
				4ED9775E1E4886A800777E24 /* Frameworks */,
				4ED9775F1E4886A800777E24 /* Resources */,
				0A4EB2A22419D5E0D0FCF17A /* [CP] Embed Pods Frameworks */,
				451F74371B423655B0E77118 /* [CP] Copy Pods Resources */,
			);
			buildRules = (
			);
			dependencies = (
			);
			name = TableViewSample;
			productName = TableViewSample;
			productReference = 4ED977611E4886A800777E24 /* TableViewSample.app */;
			productType = "com.apple.product-type.application";
		};
/* End PBXNativeTarget section */

/* Begin PBXProject section */
		4ED977591E4886A800777E24 /* Project object */ = {
			isa = PBXProject;
			attributes = {
				LastSwiftUpdateCheck = 0820;
				LastUpgradeCheck = 0820;
				ORGANIZATIONNAME = Codebrew;
				TargetAttributes = {
					4ED977601E4886A800777E24 = {
						CreatedOnToolsVersion = 8.2;
						ProvisioningStyle = Automatic;
					};
				};
			};
			buildConfigurationList = 4ED9775C1E4886A800777E24 /* Build configuration list for PBXProject "TableViewSample" */;
			compatibilityVersion = "Xcode 3.2";
			developmentRegion = English;
			hasScannedForEncodings = 0;
			knownRegions = (
				en,
				Base,
			);
			mainGroup = 4ED977581E4886A800777E24;
			productRefGroup = 4ED977621E4886A800777E24 /* Products */;
			projectDirPath = "";
			projectRoot = "";
			targets = (
				4ED977601E4886A800777E24 /* TableViewSample */,
			);
		};
/* End PBXProject section */

/* Begin PBXResourcesBuildPhase section */
		4ED9775F1E4886A800777E24 /* Resources */ = {
			isa = PBXResourcesBuildPhase;
			buildActionMask = 2147483647;
			files = (
				4ED9778B1E4893D900777E24 /* Main.storyboard in Resources */,
				4ED977721E4886A800777E24 /* LaunchScreen.storyboard in Resources */,
				4ED9776F1E4886A800777E24 /* Assets.xcassets in Resources */,
			);
			runOnlyForDeploymentPostprocessing = 0;
		};
/* End PBXResourcesBuildPhase section */

/* Begin PBXShellScriptBuildPhase section */
		0A4EB2A22419D5E0D0FCF17A /* [CP] Embed Pods Frameworks */ = {
			isa = PBXShellScriptBuildPhase;
			buildActionMask = 2147483647;
			files = (
			);
			inputPaths = (
			);
			name = "[CP] Embed Pods Frameworks";
			outputPaths = (
			);
			runOnlyForDeploymentPostprocessing = 0;
			shellPath = /bin/sh;
			shellScript = "\"${SRCROOT}/Pods/Target Support Files/Pods-TableViewSample/Pods-TableViewSample-frameworks.sh\"\n";
			showEnvVarsInLog = 0;
		};
		164493578CB7B863CAC0E755 /* [CP] Check Pods Manifest.lock */ = {
			isa = PBXShellScriptBuildPhase;
			buildActionMask = 2147483647;
			files = (
			);
			inputPaths = (
			);
			name = "[CP] Check Pods Manifest.lock";
			outputPaths = (
			);
			runOnlyForDeploymentPostprocessing = 0;
			shellPath = /bin/sh;
			shellScript = "diff \"${PODS_ROOT}/../Podfile.lock\" \"${PODS_ROOT}/Manifest.lock\" > /dev/null\nif [ $? != 0 ] ; then\n    # print error to STDERR\n    echo \"error: The sandbox is not in sync with the Podfile.lock. Run 'pod install' or update your CocoaPods installation.\" >&2\n    exit 1\nfi\n";
			showEnvVarsInLog = 0;
		};
		451F74371B423655B0E77118 /* [CP] Copy Pods Resources */ = {
			isa = PBXShellScriptBuildPhase;
			buildActionMask = 2147483647;
			files = (
			);
			inputPaths = (
			);
			name = "[CP] Copy Pods Resources";
			outputPaths = (
			);
			runOnlyForDeploymentPostprocessing = 0;
			shellPath = /bin/sh;
			shellScript = "\"${SRCROOT}/Pods/Target Support Files/Pods-TableViewSample/Pods-TableViewSample-resources.sh\"\n";
			showEnvVarsInLog = 0;
		};
/* End PBXShellScriptBuildPhase section */

/* Begin PBXSourcesBuildPhase section */
		4ED9775D1E4886A800777E24 /* Sources */ = {
			isa = PBXSourcesBuildPhase;
			buildActionMask = 2147483647;
			files = (
				4ED977671E4886A800777E24 /* ViewController.swift in Sources */,
				4ED9777A1E4886DE00777E24 /* TableViewCell.swift in Sources */,
				4ED9777C1E48887600777E24 /* Students.swift in Sources */,
				D12763901E4D92DC00496D14 /* StackViewController.swift in Sources */,
				4ED9777E1E488E5700777E24 /* AutolayoutViewController.swift in Sources */,
				4ED9776D1E4886A800777E24 /* TableViewSample.xcdatamodeld in Sources */,
				4ED977651E4886A800777E24 /* AppDelegate.swift in Sources */,
			);
			runOnlyForDeploymentPostprocessing = 0;
		};
/* End PBXSourcesBuildPhase section */

/* Begin PBXVariantGroup section */
		4ED977701E4886A800777E24 /* LaunchScreen.storyboard */ = {
			isa = PBXVariantGroup;
			children = (
				4ED977711E4886A800777E24 /* Base */,
			);
			name = LaunchScreen.storyboard;
			sourceTree = "<group>";
		};
		4ED977891E4893D900777E24 /* Main.storyboard */ = {
			isa = PBXVariantGroup;
			children = (
				4ED9778A1E4893D900777E24 /* Base */,
			);
			name = Main.storyboard;
			sourceTree = "<group>";
		};
/* End PBXVariantGroup section */

/* Begin XCBuildConfiguration section */
		4ED977741E4886A800777E24 /* Debug */ = {
			isa = XCBuildConfiguration;
			buildSettings = {
				ALWAYS_SEARCH_USER_PATHS = NO;
				CLANG_ANALYZER_NONNULL = YES;
				CLANG_CXX_LANGUAGE_STANDARD = "gnu++0x";
				CLANG_CXX_LIBRARY = "libc++";
				CLANG_ENABLE_MODULES = YES;
				CLANG_ENABLE_OBJC_ARC = YES;
				CLANG_WARN_BOOL_CONVERSION = YES;
				CLANG_WARN_CONSTANT_CONVERSION = YES;
				CLANG_WARN_DIRECT_OBJC_ISA_USAGE = YES_ERROR;
				CLANG_WARN_DOCUMENTATION_COMMENTS = YES;
				CLANG_WARN_EMPTY_BODY = YES;
				CLANG_WARN_ENUM_CONVERSION = YES;
				CLANG_WARN_INFINITE_RECURSION = YES;
				CLANG_WARN_INT_CONVERSION = YES;
				CLANG_WARN_OBJC_ROOT_CLASS = YES_ERROR;
				CLANG_WARN_SUSPICIOUS_MOVE = YES;
				CLANG_WARN_UNREACHABLE_CODE = YES;
				CLANG_WARN__DUPLICATE_METHOD_MATCH = YES;
				"CODE_SIGN_IDENTITY[sdk=iphoneos*]" = "iPhone Developer";
				COPY_PHASE_STRIP = NO;
				DEBUG_INFORMATION_FORMAT = dwarf;
				ENABLE_STRICT_OBJC_MSGSEND = YES;
				ENABLE_TESTABILITY = YES;
				GCC_C_LANGUAGE_STANDARD = gnu99;
				GCC_DYNAMIC_NO_PIC = NO;
				GCC_NO_COMMON_BLOCKS = YES;
				GCC_OPTIMIZATION_LEVEL = 0;
				GCC_PREPROCESSOR_DEFINITIONS = (
					"DEBUG=1",
					"$(inherited)",
				);
				GCC_WARN_64_TO_32_BIT_CONVERSION = YES;
				GCC_WARN_ABOUT_RETURN_TYPE = YES_ERROR;
				GCC_WARN_UNDECLARED_SELECTOR = YES;
				GCC_WARN_UNINITIALIZED_AUTOS = YES_AGGRESSIVE;
				GCC_WARN_UNUSED_FUNCTION = YES;
				GCC_WARN_UNUSED_VARIABLE = YES;
				IPHONEOS_DEPLOYMENT_TARGET = 10.2;
				MTL_ENABLE_DEBUG_INFO = YES;
				ONLY_ACTIVE_ARCH = YES;
				SDKROOT = iphoneos;
				SWIFT_ACTIVE_COMPILATION_CONDITIONS = DEBUG;
				SWIFT_OPTIMIZATION_LEVEL = "-Onone";
			};
			name = Debug;
		};
		4ED977751E4886A800777E24 /* Release */ = {
			isa = XCBuildConfiguration;
			buildSettings = {
				ALWAYS_SEARCH_USER_PATHS = NO;
				CLANG_ANALYZER_NONNULL = YES;
				CLANG_CXX_LANGUAGE_STANDARD = "gnu++0x";
				CLANG_CXX_LIBRARY = "libc++";
				CLANG_ENABLE_MODULES = YES;
				CLANG_ENABLE_OBJC_ARC = YES;
				CLANG_WARN_BOOL_CONVERSION = YES;
				CLANG_WARN_CONSTANT_CONVERSION = YES;
				CLANG_WARN_DIRECT_OBJC_ISA_USAGE = YES_ERROR;
				CLANG_WARN_DOCUMENTATION_COMMENTS = YES;
				CLANG_WARN_EMPTY_BODY = YES;
				CLANG_WARN_ENUM_CONVERSION = YES;
				CLANG_WARN_INFINITE_RECURSION = YES;
				CLANG_WARN_INT_CONVERSION = YES;
				CLANG_WARN_OBJC_ROOT_CLASS = YES_ERROR;
				CLANG_WARN_SUSPICIOUS_MOVE = YES;
				CLANG_WARN_UNREACHABLE_CODE = YES;
				CLANG_WARN__DUPLICATE_METHOD_MATCH = YES;
				"CODE_SIGN_IDENTITY[sdk=iphoneos*]" = "iPhone Developer";
				COPY_PHASE_STRIP = NO;
				DEBUG_INFORMATION_FORMAT = "dwarf-with-dsym";
				ENABLE_NS_ASSERTIONS = NO;
				ENABLE_STRICT_OBJC_MSGSEND = YES;
				GCC_C_LANGUAGE_STANDARD = gnu99;
				GCC_NO_COMMON_BLOCKS = YES;
				GCC_WARN_64_TO_32_BIT_CONVERSION = YES;
				GCC_WARN_ABOUT_RETURN_TYPE = YES_ERROR;
				GCC_WARN_UNDECLARED_SELECTOR = YES;
				GCC_WARN_UNINITIALIZED_AUTOS = YES_AGGRESSIVE;
				GCC_WARN_UNUSED_FUNCTION = YES;
				GCC_WARN_UNUSED_VARIABLE = YES;
				IPHONEOS_DEPLOYMENT_TARGET = 10.2;
				MTL_ENABLE_DEBUG_INFO = NO;
				SDKROOT = iphoneos;
				SWIFT_OPTIMIZATION_LEVEL = "-Owholemodule";
				VALIDATE_PRODUCT = YES;
			};
			name = Release;
		};
		4ED977771E4886A800777E24 /* Debug */ = {
			isa = XCBuildConfiguration;
			baseConfigurationReference = C9EF2687D18951EFAA8A2B20 /* Pods-TableViewSample.debug.xcconfig */;
			buildSettings = {
				ASSETCATALOG_COMPILER_APPICON_NAME = AppIcon;
				INFOPLIST_FILE = TableViewSample/Info.plist;
				LD_RUNPATH_SEARCH_PATHS = "$(inherited) @executable_path/Frameworks";
				PRODUCT_BUNDLE_IDENTIFIER = com.TableViewSample;
				PRODUCT_NAME = "$(TARGET_NAME)";
				SWIFT_VERSION = 3.0;
			};
			name = Debug;
		};
		4ED977781E4886A800777E24 /* Release */ = {
			isa = XCBuildConfiguration;
			baseConfigurationReference = 62CD288E353AEB076DD60C58 /* Pods-TableViewSample.release.xcconfig */;
			buildSettings = {
				ASSETCATALOG_COMPILER_APPICON_NAME = AppIcon;
				INFOPLIST_FILE = TableViewSample/Info.plist;
				LD_RUNPATH_SEARCH_PATHS = "$(inherited) @executable_path/Frameworks";
				PRODUCT_BUNDLE_IDENTIFIER = com.TableViewSample;
				PRODUCT_NAME = "$(TARGET_NAME)";
				SWIFT_VERSION = 3.0;
			};
			name = Release;
		};
/* End XCBuildConfiguration section */

/* Begin XCConfigurationList section */
		4ED9775C1E4886A800777E24 /* Build configuration list for PBXProject "TableViewSample" */ = {
			isa = XCConfigurationList;
			buildConfigurations = (
				4ED977741E4886A800777E24 /* Debug */,
				4ED977751E4886A800777E24 /* Release */,
			);
			defaultConfigurationIsVisible = 0;
			defaultConfigurationName = Release;
		};
		4ED977761E4886A800777E24 /* Build configuration list for PBXNativeTarget "TableViewSample" */ = {
			isa = XCConfigurationList;
			buildConfigurations = (
				4ED977771E4886A800777E24 /* Debug */,
				4ED977781E4886A800777E24 /* Release */,
			);
			defaultConfigurationIsVisible = 0;
			defaultConfigurationName = Release;
		};
/* End XCConfigurationList section */

/* Begin XCVersionGroup section */
		4ED9776B1E4886A800777E24 /* TableViewSample.xcdatamodeld */ = {
			isa = XCVersionGroup;
			children = (
				4ED9776C1E4886A800777E24 /* TableViewSample.xcdatamodel */,
			);
			currentVersion = 4ED9776C1E4886A800777E24 /* TableViewSample.xcdatamodel */;
			path = TableViewSample.xcdatamodeld;
			sourceTree = "<group>";
			versionGroupType = wrapper.xcdatamodel;
		};
/* End XCVersionGroup section */
	};
	rootObject = 4ED977591E4886A800777E24 /* Project object */;
}
