// !$*UTF8*$!
{
	archiveVersion = 1;
	classes = {
	};
	objectVersion = 46;
	objects = {

/* Begin PBXBuildFile section */
		1D191C7F1E55BEF400ADE35C /* AppDelegate.swift in Sources */ = {isa = PBXBuildFile; fileRef = 1D191C7E1E55BEF400ADE35C /* AppDelegate.swift */; };
		1D191C811E55BEF400ADE35C /* ViewController.swift in Sources */ = {isa = PBXBuildFile; fileRef = 1D191C801E55BEF400ADE35C /* ViewController.swift */; };
		1D191C841E55BEF400ADE35C /* Main.storyboard in Resources */ = {isa = PBXBuildFile; fileRef = 1D191C821E55BEF400ADE35C /* Main.storyboard */; };
		1D191C871E55BEF400ADE35C /* CoreDataCompleteRun.xcdatamodeld in Sources */ = {isa = PBXBuildFile; fileRef = 1D191C851E55BEF400ADE35C /* CoreDataCompleteRun.xcdatamodeld */; };
		1D191C891E55BEF400ADE35C /* Assets.xcassets in Resources */ = {isa = PBXBuildFile; fileRef = 1D191C881E55BEF400ADE35C /* Assets.xcassets */; };
		1D191C8C1E55BEF400ADE35C /* LaunchScreen.storyboard in Resources */ = {isa = PBXBuildFile; fileRef = 1D191C8A1E55BEF400ADE35C /* LaunchScreen.storyboard */; };
/* End PBXBuildFile section */

/* Begin PBXFileReference section */
		1D191C7B1E55BEF400ADE35C /* CoreDataCompleteRun.app */ = {isa = PBXFileReference; explicitFileType = wrapper.application; includeInIndex = 0; path = CoreDataCompleteRun.app; sourceTree = BUILT_PRODUCTS_DIR; };
		1D191C7E1E55BEF400ADE35C /* AppDelegate.swift */ = {isa = PBXFileReference; lastKnownFileType = sourcecode.swift; path = AppDelegate.swift; sourceTree = "<group>"; };
		1D191C801E55BEF400ADE35C /* ViewController.swift */ = {isa = PBXFileReference; lastKnownFileType = sourcecode.swift; path = ViewController.swift; sourceTree = "<group>"; };
		1D191C831E55BEF400ADE35C /* Base */ = {isa = PBXFileReference; lastKnownFileType = file.storyboard; name = Base; path = Base.lproj/Main.storyboard; sourceTree = "<group>"; };
		1D191C861E55BEF400ADE35C /* CoreDataCompleteRun.xcdatamodel */ = {isa = PBXFileReference; lastKnownFileType = wrapper.xcdatamodel; path = CoreDataCompleteRun.xcdatamodel; sourceTree = "<group>"; };
		1D191C881E55BEF400ADE35C /* Assets.xcassets */ = {isa = PBXFileReference; lastKnownFileType = folder.assetcatalog; path = Assets.xcassets; sourceTree = "<group>"; };
		1D191C8B1E55BEF400ADE35C /* Base */ = {isa = PBXFileReference; lastKnownFileType = file.storyboard; name = Base; path = Base.lproj/LaunchScreen.storyboard; sourceTree = "<group>"; };
		1D191C8D1E55BEF400ADE35C /* Info.plist */ = {isa = PBXFileReference; lastKnownFileType = text.plist.xml; path = Info.plist; sourceTree = "<group>"; };
/* End PBXFileReference section */

/* Begin PBXFrameworksBuildPhase section */
		1D191C781E55BEF400ADE35C /* Frameworks */ = {
			isa = PBXFrameworksBuildPhase;
			buildActionMask = 2147483647;
			files = (
			);
			runOnlyForDeploymentPostprocessing = 0;
		};
/* End PBXFrameworksBuildPhase section */

/* Begin PBXGroup section */
		1D191C721E55BEF400ADE35C = {
			isa = PBXGroup;
			children = (
				1D191C7D1E55BEF400ADE35C /* CoreDataCompleteRun */,
				1D191C7C1E55BEF400ADE35C /* Products */,
			);
			sourceTree = "<group>";
		};
		1D191C7C1E55BEF400ADE35C /* Products */ = {
			isa = PBXGroup;
			children = (
				1D191C7B1E55BEF400ADE35C /* CoreDataCompleteRun.app */,
			);
			name = Products;
			sourceTree = "<group>";
		};
		1D191C7D1E55BEF400ADE35C /* CoreDataCompleteRun */ = {
			isa = PBXGroup;
			children = (
				1D191C7E1E55BEF400ADE35C /* AppDelegate.swift */,
				1D191C801E55BEF400ADE35C /* ViewController.swift */,
				1D191C821E55BEF400ADE35C /* Main.storyboard */,
				1D191C881E55BEF400ADE35C /* Assets.xcassets */,
				1D191C8A1E55BEF400ADE35C /* LaunchScreen.storyboard */,
				1D191C8D1E55BEF400ADE35C /* Info.plist */,
				1D191C851E55BEF400ADE35C /* CoreDataCompleteRun.xcdatamodeld */,
			);
			path = CoreDataCompleteRun;
			sourceTree = "<group>";
		};
/* End PBXGroup section */

/* Begin PBXNativeTarget section */
		1D191C7A1E55BEF400ADE35C /* CoreDataCompleteRun */ = {
			isa = PBXNativeTarget;
			buildConfigurationList = 1D191C901E55BEF400ADE35C /* Build configuration list for PBXNativeTarget "CoreDataCompleteRun" */;
			buildPhases = (
				1D191C771E55BEF400ADE35C /* Sources */,
				1D191C781E55BEF400ADE35C /* Frameworks */,
				1D191C791E55BEF400ADE35C /* Resources */,
			);
			buildRules = (
			);
			dependencies = (
			);
			name = CoreDataCompleteRun;
			productName = CoreDataCompleteRun;
			productReference = 1D191C7B1E55BEF400ADE35C /* CoreDataCompleteRun.app */;
			productType = "com.apple.product-type.application";
		};
/* End PBXNativeTarget section */

/* Begin PBXProject section */
		1D191C731E55BEF400ADE35C /* Project object */ = {
			isa = PBXProject;
			attributes = {
				LastSwiftUpdateCheck = 0820;
				LastUpgradeCheck = 0820;
				ORGANIZATIONNAME = "code-brew";
				TargetAttributes = {
					1D191C7A1E55BEF400ADE35C = {
						CreatedOnToolsVersion = 8.2.1;
						ProvisioningStyle = Automatic;
					};
				};
			};
			buildConfigurationList = 1D191C761E55BEF400ADE35C /* Build configuration list for PBXProject "CoreDataCompleteRun" */;
			compatibilityVersion = "Xcode 3.2";
			developmentRegion = English;
			hasScannedForEncodings = 0;
			knownRegions = (
				en,
				Base,
			);
			mainGroup = 1D191C721E55BEF400ADE35C;
			productRefGroup = 1D191C7C1E55BEF400ADE35C /* Products */;
			projectDirPath = "";
			projectRoot = "";
			targets = (
				1D191C7A1E55BEF400ADE35C /* CoreDataCompleteRun */,
			);
		};
/* End PBXProject section */

/* Begin PBXResourcesBuildPhase section */
		1D191C791E55BEF400ADE35C /* Resources */ = {
			isa = PBXResourcesBuildPhase;
			buildActionMask = 2147483647;
			files = (
				1D191C8C1E55BEF400ADE35C /* LaunchScreen.storyboard in Resources */,
				1D191C891E55BEF400ADE35C /* Assets.xcassets in Resources */,
				1D191C841E55BEF400ADE35C /* Main.storyboard in Resources */,
			);
			runOnlyForDeploymentPostprocessing = 0;
		};
/* End PBXResourcesBuildPhase section */

/* Begin PBXSourcesBuildPhase section */
		1D191C771E55BEF400ADE35C /* Sources */ = {
			isa = PBXSourcesBuildPhase;
			buildActionMask = 2147483647;
			files = (
				1D191C811E55BEF400ADE35C /* ViewController.swift in Sources */,
				1D191C871E55BEF400ADE35C /* CoreDataCompleteRun.xcdatamodeld in Sources */,
				1D191C7F1E55BEF400ADE35C /* AppDelegate.swift in Sources */,
			);
			runOnlyForDeploymentPostprocessing = 0;
		};
/* End PBXSourcesBuildPhase section */

/* Begin PBXVariantGroup section */
		1D191C821E55BEF400ADE35C /* Main.storyboard */ = {
			isa = PBXVariantGroup;
			children = (
				1D191C831E55BEF400ADE35C /* Base */,
			);
			name = Main.storyboard;
			sourceTree = "<group>";
		};
		1D191C8A1E55BEF400ADE35C /* LaunchScreen.storyboard */ = {
			isa = PBXVariantGroup;
			children = (
				1D191C8B1E55BEF400ADE35C /* Base */,
			);
			name = LaunchScreen.storyboard;
			sourceTree = "<group>";
		};
/* End PBXVariantGroup section */

/* Begin XCBuildConfiguration section */
		1D191C8E1E55BEF400ADE35C /* Debug */ = {
			isa = XCBuildConfiguration;
			buildSettings = {
				ALWAYS_SEARCH_USER_PATHS = NO;
				CLANG_ANALYZER_NONNULL = YES;
				CLANG_CXX_LANGUAGE_STANDARD = "gnu++0x";
				CLANG_CXX_LIBRARY = "libc++";
				CLANG_ENABLE_MODULES = YES;
				CLANG_ENABLE_OBJC_ARC = YES;
				CLANG_WARN_BOOL_CONVERSION = YES;
				CLANG_WARN_CONSTANT_CONVERSION = YES;
				CLANG_WARN_DIRECT_OBJC_ISA_USAGE = YES_ERROR;
				CLANG_WARN_DOCUMENTATION_COMMENTS = YES;
				CLANG_WARN_EMPTY_BODY = YES;
				CLANG_WARN_ENUM_CONVERSION = YES;
				CLANG_WARN_INFINITE_RECURSION = YES;
				CLANG_WARN_INT_CONVERSION = YES;
				CLANG_WARN_OBJC_ROOT_CLASS = YES_ERROR;
				CLANG_WARN_SUSPICIOUS_MOVE = YES;
				CLANG_WARN_UNREACHABLE_CODE = YES;
				CLANG_WARN__DUPLICATE_METHOD_MATCH = YES;
				"CODE_SIGN_IDENTITY[sdk=iphoneos*]" = "iPhone Developer";
				COPY_PHASE_STRIP = NO;
				DEBUG_INFORMATION_FORMAT = dwarf;
				ENABLE_STRICT_OBJC_MSGSEND = YES;
				ENABLE_TESTABILITY = YES;
				GCC_C_LANGUAGE_STANDARD = gnu99;
				GCC_DYNAMIC_NO_PIC = NO;
				GCC_NO_COMMON_BLOCKS = YES;
				GCC_OPTIMIZATION_LEVEL = 0;
				GCC_PREPROCESSOR_DEFINITIONS = (
					"DEBUG=1",
					"$(inherited)",
				);
				GCC_WARN_64_TO_32_BIT_CONVERSION = YES;
				GCC_WARN_ABOUT_RETURN_TYPE = YES_ERROR;
				GCC_WARN_UNDECLARED_SELECTOR = YES;
				GCC_WARN_UNINITIALIZED_AUTOS = YES_AGGRESSIVE;
				GCC_WARN_UNUSED_FUNCTION = YES;
				GCC_WARN_UNUSED_VARIABLE = YES;
				IPHONEOS_DEPLOYMENT_TARGET = 10.2;
				MTL_ENABLE_DEBUG_INFO = YES;
				ONLY_ACTIVE_ARCH = YES;
				SDKROOT = iphoneos;
				SWIFT_ACTIVE_COMPILATION_CONDITIONS = DEBUG;
				SWIFT_OPTIMIZATION_LEVEL = "-Onone";
			};
			name = Debug;
		};
		1D191C8F1E55BEF400ADE35C /* Release */ = {
			isa = XCBuildConfiguration;
			buildSettings = {
				ALWAYS_SEARCH_USER_PATHS = NO;
				CLANG_ANALYZER_NONNULL = YES;
				CLANG_CXX_LANGUAGE_STANDARD = "gnu++0x";
				CLANG_CXX_LIBRARY = "libc++";
				CLANG_ENABLE_MODULES = YES;
				CLANG_ENABLE_OBJC_ARC = YES;
				CLANG_WARN_BOOL_CONVERSION = YES;
				CLANG_WARN_CONSTANT_CONVERSION = YES;
				CLANG_WARN_DIRECT_OBJC_ISA_USAGE = YES_ERROR;
				CLANG_WARN_DOCUMENTATION_COMMENTS = YES;
				CLANG_WARN_EMPTY_BODY = YES;
				CLANG_WARN_ENUM_CONVERSION = YES;
				CLANG_WARN_INFINITE_RECURSION = YES;
				CLANG_WARN_INT_CONVERSION = YES;
				CLANG_WARN_OBJC_ROOT_CLASS = YES_ERROR;
				CLANG_WARN_SUSPICIOUS_MOVE = YES;
				CLANG_WARN_UNREACHABLE_CODE = YES;
				CLANG_WARN__DUPLICATE_METHOD_MATCH = YES;
				"CODE_SIGN_IDENTITY[sdk=iphoneos*]" = "iPhone Developer";
				COPY_PHASE_STRIP = NO;
				DEBUG_INFORMATION_FORMAT = "dwarf-with-dsym";
				ENABLE_NS_ASSERTIONS = NO;
				ENABLE_STRICT_OBJC_MSGSEND = YES;
				GCC_C_LANGUAGE_STANDARD = gnu99;
				GCC_NO_COMMON_BLOCKS = YES;
				GCC_WARN_64_TO_32_BIT_CONVERSION = YES;
				GCC_WARN_ABOUT_RETURN_TYPE = YES_ERROR;
				GCC_WARN_UNDECLARED_SELECTOR = YES;
				GCC_WARN_UNINITIALIZED_AUTOS = YES_AGGRESSIVE;
				GCC_WARN_UNUSED_FUNCTION = YES;
				GCC_WARN_UNUSED_VARIABLE = YES;
				IPHONEOS_DEPLOYMENT_TARGET = 10.2;
				MTL_ENABLE_DEBUG_INFO = NO;
				SDKROOT = iphoneos;
				SWIFT_OPTIMIZATION_LEVEL = "-Owholemodule";
				VALIDATE_PRODUCT = YES;
			};
			name = Release;
		};
		1D191C911E55BEF400ADE35C /* Debug */ = {
			isa = XCBuildConfiguration;
			buildSettings = {
				ASSETCATALOG_COMPILER_APPICON_NAME = AppIcon;
				INFOPLIST_FILE = CoreDataCompleteRun/Info.plist;
				LD_RUNPATH_SEARCH_PATHS = "$(inherited) @executable_path/Frameworks";
				PRODUCT_BUNDLE_IDENTIFIER = "code-brew.CoreDataCompleteRun";
				PRODUCT_NAME = "$(TARGET_NAME)";
				SWIFT_VERSION = 3.0;
			};
			name = Debug;
		};
		1D191C921E55BEF400ADE35C /* Release */ = {
			isa = XCBuildConfiguration;
			buildSettings = {
				ASSETCATALOG_COMPILER_APPICON_NAME = AppIcon;
				INFOPLIST_FILE = CoreDataCompleteRun/Info.plist;
				LD_RUNPATH_SEARCH_PATHS = "$(inherited) @executable_path/Frameworks";
				PRODUCT_BUNDLE_IDENTIFIER = "code-brew.CoreDataCompleteRun";
				PRODUCT_NAME = "$(TARGET_NAME)";
				SWIFT_VERSION = 3.0;
			};
			name = Release;
		};
/* End XCBuildConfiguration section */

/* Begin XCConfigurationList section */
		1D191C761E55BEF400ADE35C /* Build configuration list for PBXProject "CoreDataCompleteRun" */ = {
			isa = XCConfigurationList;
			buildConfigurations = (
				1D191C8E1E55BEF400ADE35C /* Debug */,
				1D191C8F1E55BEF400ADE35C /* Release */,
			);
			defaultConfigurationIsVisible = 0;
			defaultConfigurationName = Release;
		};
		1D191C901E55BEF400ADE35C /* Build configuration list for PBXNativeTarget "CoreDataCompleteRun" */ = {
			isa = XCConfigurationList;
			buildConfigurations = (
				1D191C911E55BEF400ADE35C /* Debug */,
				1D191C921E55BEF400ADE35C /* Release */,
			);
			defaultConfigurationIsVisible = 0;
			defaultConfigurationName = Release;
		};
/* End XCConfigurationList section */

/* Begin XCVersionGroup section */
		1D191C851E55BEF400ADE35C /* CoreDataCompleteRun.xcdatamodeld */ = {
			isa = XCVersionGroup;
			children = (
				1D191C861E55BEF400ADE35C /* CoreDataCompleteRun.xcdatamodel */,
			);
			currentVersion = 1D191C861E55BEF400ADE35C /* CoreDataCompleteRun.xcdatamodel */;
			path = CoreDataCompleteRun.xcdatamodeld;
			sourceTree = "<group>";
			versionGroupType = wrapper.xcdatamodel;
		};
/* End XCVersionGroup section */
	};
	rootObject = 1D191C731E55BEF400ADE35C /* Project object */;
}
